
Microsoft Visual Studio Solution File, Format Version 12.00
# Visual Studio 2013
VisualStudioVersion = 12.0.30501.0
MinimumVisualStudioVersion = 10.0.40219.1
Project("{FAE04EC0-301F-11D3-BF4B-00C04F79EFBC}") = "TraceGPS", "TraceGPS\TraceGPS.csproj", "{704E4903-FBA3-474E-B474-BEE816B3EB60}"
EndProject
Project("{FAE04EC0-301F-11D3-BF4B-00C04F79EFBC}") = "UnitTestTraceGPS", "UnitTestTraceGPS\UnitTestTraceGPS.csproj", "{67F94184-5155-4EC2-88E1-873557A52C51}"
EndProject
Global
	GlobalSection(SolutionConfigurationPlatforms) = preSolution
		Debug|Any CPU = Debug|Any CPU
		Release|Any CPU = Release|Any CPU
	EndGlobalSection
	GlobalSection(ProjectConfigurationPlatforms) = postSolution
		{704E4903-FBA3-474E-B474-BEE816B3EB60}.Debug|Any CPU.ActiveCfg = Debug|Any CPU
		{704E4903-FBA3-474E-B474-BEE816B3EB60}.Debug|Any CPU.Build.0 = Debug|Any CPU
		{704E4903-FBA3-474E-B474-BEE816B3EB60}.Release|Any CPU.ActiveCfg = Release|Any CPU
		{704E4903-FBA3-474E-B474-BEE816B3EB60}.Release|Any CPU.Build.0 = Release|Any CPU
		{67F94184-5155-4EC2-88E1-873557A52C51}.Debug|Any CPU.ActiveCfg = Debug|Any CPU
		{67F94184-5155-4EC2-88E1-873557A52C51}.Debug|Any CPU.Build.0 = Debug|Any CPU
		{67F94184-5155-4EC2-88E1-873557A52C51}.Release|Any CPU.ActiveCfg = Release|Any CPU
		{67F94184-5155-4EC2-88E1-873557A52C51}.Release|Any CPU.Build.0 = Release|Any CPU
	EndGlobalSection
	GlobalSection(SolutionProperties) = preSolution
		HideSolutionNode = FALSE
	EndGlobalSection
EndGlobal
